{
  "name": "gaart-backend",
  "version": "1.1.0",
  "description": "Backend per generazione immagini AI (Ideogram) usato da gaart.it - versione Playwright",
  "main": "index.js",
  "scripts": {
    "start": "node index.js",
    "postinstall": "npx playwright install --with-deps chromium"
  },
  "keywords": [
    "AI",
    "Ideogram",
    "Shopify",
    "Art",
    "Backend",
    "Playwright"
  ],
  "author": "gaart.it",
  "license": "MIT",
  "dependencies": {
    "dotenv": "^16.3.1",
    "express": "^4.18.2",
    "playwright": "^1.47.2",
    "uuid": "^9.0.0"
  }
}
